
Microsoft Visual Studio Solution File, Format Version 12.00
# Visual Studio 15
Project("{FAE04EC0-301F-11D3-BF4B-00C04F79EFBC}") = "Assembly-CSharp", "Assembly-CSharp.csproj", "{3443BF3C-EAD6-E465-BADD-506AA56CA658}"
EndProject
Project("{FAE04EC0-301F-11D3-BF4B-00C04F79EFBC}") = "AllIn1SpriteShaderAssembly", "AllIn1SpriteShaderAssembly.csproj", "{E2D39756-1899-F96B-71A8-FB54498BF1B9}"
EndProject
Project("{FAE04EC0-301F-11D3-BF4B-00C04F79EFBC}") = "PathCreator", "PathCreator.csproj", "{9F3238AB-9A8F-FC9E-0346-4E8578392BD8}"
EndProject
Project("{FAE04EC0-301F-11D3-BF4B-00C04F79EFBC}") = "MK.Toon", "MK.Toon.csproj", "{862A16A8-9A17-2B73-33C7-3B725C0BEADF}"
EndProject
Project("{FAE04EC0-301F-11D3-BF4B-00C04F79EFBC}") = "MK.Toon.Examples", "MK.Toon.Examples.csproj", "{C4C4EA7E-0B2D-7F7D-5C3A-4673F541DA44}"
EndProject
Project("{FAE04EC0-301F-11D3-BF4B-00C04F79EFBC}") = "AmplifyShaderEditor", "AmplifyShaderEditor.csproj", "{B09B058A-7E02-302E-36FF-6D333D56C71B}"
EndProject
Project("{FAE04EC0-301F-11D3-BF4B-00C04F79EFBC}") = "Assembly-CSharp-Editor", "Assembly-CSharp-Editor.csproj", "{E2284D33-A423-2680-03BD-F15388E3FEE0}"
EndProject
Project("{FAE04EC0-301F-11D3-BF4B-00C04F79EFBC}") = "MK.Toon.Editor", "MK.Toon.Editor.csproj", "{9EBCF94D-E53C-3160-6A29-BDB44E93E900}"
EndProject
Project("{FAE04EC0-301F-11D3-BF4B-00C04F79EFBC}") = "PathCreatorEditor", "PathCreatorEditor.csproj", "{3E5982F4-E71D-2EAB-C24D-AD0D3A51734F}"
EndProject
Project("{FAE04EC0-301F-11D3-BF4B-00C04F79EFBC}") = "Unity.VFXToolbox.Editor", "Unity.VFXToolbox.Editor.csproj", "{C04DCA9D-6959-AD0D-ECDC-E919785445B4}"
EndProject
Global
	GlobalSection(SolutionConfigurationPlatforms) = preSolution
		Debug|Any CPU = Debug|Any CPU
		Release|Any CPU = Release|Any CPU
	EndGlobalSection
	GlobalSection(ProjectConfigurationPlatforms) = postSolution
		{3443BF3C-EAD6-E465-BADD-506AA56CA658}.Debug|Any CPU.ActiveCfg = Debug|Any CPU
		{3443BF3C-EAD6-E465-BADD-506AA56CA658}.Debug|Any CPU.Build.0 = Debug|Any CPU
		{3443BF3C-EAD6-E465-BADD-506AA56CA658}.Release|Any CPU.ActiveCfg = Release|Any CPU
		{3443BF3C-EAD6-E465-BADD-506AA56CA658}.Release|Any CPU.Build.0 = Release|Any CPU
		{E2D39756-1899-F96B-71A8-FB54498BF1B9}.Debug|Any CPU.ActiveCfg = Debug|Any CPU
		{E2D39756-1899-F96B-71A8-FB54498BF1B9}.Debug|Any CPU.Build.0 = Debug|Any CPU
		{E2D39756-1899-F96B-71A8-FB54498BF1B9}.Release|Any CPU.ActiveCfg = Release|Any CPU
		{E2D39756-1899-F96B-71A8-FB54498BF1B9}.Release|Any CPU.Build.0 = Release|Any CPU
		{9F3238AB-9A8F-FC9E-0346-4E8578392BD8}.Debug|Any CPU.ActiveCfg = Debug|Any CPU
		{9F3238AB-9A8F-FC9E-0346-4E8578392BD8}.Debug|Any CPU.Build.0 = Debug|Any CPU
		{9F3238AB-9A8F-FC9E-0346-4E8578392BD8}.Release|Any CPU.ActiveCfg = Release|Any CPU
		{9F3238AB-9A8F-FC9E-0346-4E8578392BD8}.Release|Any CPU.Build.0 = Release|Any CPU
		{862A16A8-9A17-2B73-33C7-3B725C0BEADF}.Debug|Any CPU.ActiveCfg = Debug|Any CPU
		{862A16A8-9A17-2B73-33C7-3B725C0BEADF}.Debug|Any CPU.Build.0 = Debug|Any CPU
		{862A16A8-9A17-2B73-33C7-3B725C0BEADF}.Release|Any CPU.ActiveCfg = Release|Any CPU
		{862A16A8-9A17-2B73-33C7-3B725C0BEADF}.Release|Any CPU.Build.0 = Release|Any CPU
		{C4C4EA7E-0B2D-7F7D-5C3A-4673F541DA44}.Debug|Any CPU.ActiveCfg = Debug|Any CPU
		{C4C4EA7E-0B2D-7F7D-5C3A-4673F541DA44}.Debug|Any CPU.Build.0 = Debug|Any CPU
		{C4C4EA7E-0B2D-7F7D-5C3A-4673F541DA44}.Release|Any CPU.ActiveCfg = Release|Any CPU
		{C4C4EA7E-0B2D-7F7D-5C3A-4673F541DA44}.Release|Any CPU.Build.0 = Release|Any CPU
		{B09B058A-7E02-302E-36FF-6D333D56C71B}.Debug|Any CPU.ActiveCfg = Debug|Any CPU
		{B09B058A-7E02-302E-36FF-6D333D56C71B}.Debug|Any CPU.Build.0 = Debug|Any CPU
		{B09B058A-7E02-302E-36FF-6D333D56C71B}.Release|Any CPU.ActiveCfg = Release|Any CPU
		{B09B058A-7E02-302E-36FF-6D333D56C71B}.Release|Any CPU.Build.0 = Release|Any CPU
		{E2284D33-A423-2680-03BD-F15388E3FEE0}.Debug|Any CPU.ActiveCfg = Debug|Any CPU
		{E2284D33-A423-2680-03BD-F15388E3FEE0}.Debug|Any CPU.Build.0 = Debug|Any CPU
		{E2284D33-A423-2680-03BD-F15388E3FEE0}.Release|Any CPU.ActiveCfg = Release|Any CPU
		{E2284D33-A423-2680-03BD-F15388E3FEE0}.Release|Any CPU.Build.0 = Release|Any CPU
		{9EBCF94D-E53C-3160-6A29-BDB44E93E900}.Debug|Any CPU.ActiveCfg = Debug|Any CPU
		{9EBCF94D-E53C-3160-6A29-BDB44E93E900}.Debug|Any CPU.Build.0 = Debug|Any CPU
		{9EBCF94D-E53C-3160-6A29-BDB44E93E900}.Release|Any CPU.ActiveCfg = Release|Any CPU
		{9EBCF94D-E53C-3160-6A29-BDB44E93E900}.Release|Any CPU.Build.0 = Release|Any CPU
		{3E5982F4-E71D-2EAB-C24D-AD0D3A51734F}.Debug|Any CPU.ActiveCfg = Debug|Any CPU
		{3E5982F4-E71D-2EAB-C24D-AD0D3A51734F}.Debug|Any CPU.Build.0 = Debug|Any CPU
		{3E5982F4-E71D-2EAB-C24D-AD0D3A51734F}.Release|Any CPU.ActiveCfg = Release|Any CPU
		{3E5982F4-E71D-2EAB-C24D-AD0D3A51734F}.Release|Any CPU.Build.0 = Release|Any CPU
		{C04DCA9D-6959-AD0D-ECDC-E919785445B4}.Debug|Any CPU.ActiveCfg = Debug|Any CPU
		{C04DCA9D-6959-AD0D-ECDC-E919785445B4}.Debug|Any CPU.Build.0 = Debug|Any CPU
		{C04DCA9D-6959-AD0D-ECDC-E919785445B4}.Release|Any CPU.ActiveCfg = Release|Any CPU
		{C04DCA9D-6959-AD0D-ECDC-E919785445B4}.Release|Any CPU.Build.0 = Release|Any CPU
	EndGlobalSection
	GlobalSection(SolutionProperties) = preSolution
		HideSolutionNode = FALSE
	EndGlobalSection
EndGlobal
